// !$*UTF8*$!
{
	archiveVersion = 1;
	classes = {
	};
	objectVersion = 56;
	objects = {

/* Begin PBXBuildFile section */
		A1E695C22ABF07240081CF7A /* BPMSApp.swift in Sources */ = {isa = PBXBuildFile; fileRef = A1E695C12ABF07240081CF7A /* BPMSApp.swift */; };
		A1E695C42ABF07240081CF7A /* ContentView.swift in Sources */ = {isa = PBXBuildFile; fileRef = A1E695C32ABF07240081CF7A /* ContentView.swift */; };
		A1E695C62ABF07260081CF7A /* Assets.xcassets in Resources */ = {isa = PBXBuildFile; fileRef = A1E695C52ABF07260081CF7A /* Assets.xcassets */; };
		A1E695C92ABF07260081CF7A /* Preview Assets.xcassets in Resources */ = {isa = PBXBuildFile; fileRef = A1E695C82ABF07260081CF7A /* Preview Assets.xcassets */; };
		A1E695CB2ABF07260081CF7A /* Persistence.swift in Sources */ = {isa = PBXBuildFile; fileRef = A1E695CA2ABF07260081CF7A /* Persistence.swift */; };
		A1E695CE2ABF07260081CF7A /* BPMS.xcdatamodeld in Sources */ = {isa = PBXBuildFile; fileRef = A1E695CC2ABF07260081CF7A /* BPMS.xcdatamodeld */; };
		A1E695D62ABF07ED0081CF7A /* BPItem+CoreDataClass.swift in Sources */ = {isa = PBXBuildFile; fileRef = A1E695D42ABF07ED0081CF7A /* BPItem+CoreDataClass.swift */; };
		A1E695D72ABF07ED0081CF7A /* BPItem+CoreDataProperties.swift in Sources */ = {isa = PBXBuildFile; fileRef = A1E695D52ABF07ED0081CF7A /* BPItem+CoreDataProperties.swift */; };
		A1E695D92ABF08F80081CF7A /* DetailView.swift in Sources */ = {isa = PBXBuildFile; fileRef = A1E695D82ABF08F80081CF7A /* DetailView.swift */; };
		A1E695DB2ABF09780081CF7A /* Formatters.swift in Sources */ = {isa = PBXBuildFile; fileRef = A1E695DA2ABF09780081CF7A /* Formatters.swift */; };
		A1E695DF2ABF0B020081CF7A /* ReadView.swift in Sources */ = {isa = PBXBuildFile; fileRef = A1E695DE2ABF0B020081CF7A /* ReadView.swift */; };
		A1E695E12ABF10900081CF7A /* ObservableClasses.swift in Sources */ = {isa = PBXBuildFile; fileRef = A1E695E02ABF10900081CF7A /* ObservableClasses.swift */; };
		A1E695E32ABF18900081CF7A /* EditDetailView.swift in Sources */ = {isa = PBXBuildFile; fileRef = A1E695E22ABF18900081CF7A /* EditDetailView.swift */; };
/* End PBXBuildFile section */

/* Begin PBXFileReference section */
		A1E695BE2ABF07240081CF7A /* BPMS.app */ = {isa = PBXFileReference; explicitFileType = wrapper.application; includeInIndex = 0; path = BPMS.app; sourceTree = BUILT_PRODUCTS_DIR; };
		A1E695C12ABF07240081CF7A /* BPMSApp.swift */ = {isa = PBXFileReference; lastKnownFileType = sourcecode.swift; path = BPMSApp.swift; sourceTree = "<group>"; };
		A1E695C32ABF07240081CF7A /* ContentView.swift */ = {isa = PBXFileReference; lastKnownFileType = sourcecode.swift; path = ContentView.swift; sourceTree = "<group>"; };
		A1E695C52ABF07260081CF7A /* Assets.xcassets */ = {isa = PBXFileReference; lastKnownFileType = folder.assetcatalog; path = Assets.xcassets; sourceTree = "<group>"; };
		A1E695C82ABF07260081CF7A /* Preview Assets.xcassets */ = {isa = PBXFileReference; lastKnownFileType = folder.assetcatalog; path = "Preview Assets.xcassets"; sourceTree = "<group>"; };
		A1E695CA2ABF07260081CF7A /* Persistence.swift */ = {isa = PBXFileReference; lastKnownFileType = sourcecode.swift; path = Persistence.swift; sourceTree = "<group>"; };
		A1E695CD2ABF07260081CF7A /* BPMS.xcdatamodel */ = {isa = PBXFileReference; lastKnownFileType = wrapper.xcdatamodel; path = BPMS.xcdatamodel; sourceTree = "<group>"; };
		A1E695D42ABF07ED0081CF7A /* BPItem+CoreDataClass.swift */ = {isa = PBXFileReference; lastKnownFileType = sourcecode.swift; path = "BPItem+CoreDataClass.swift"; sourceTree = "<group>"; };
		A1E695D52ABF07ED0081CF7A /* BPItem+CoreDataProperties.swift */ = {isa = PBXFileReference; lastKnownFileType = sourcecode.swift; path = "BPItem+CoreDataProperties.swift"; sourceTree = "<group>"; };
		A1E695D82ABF08F80081CF7A /* DetailView.swift */ = {isa = PBXFileReference; lastKnownFileType = sourcecode.swift; path = DetailView.swift; sourceTree = "<group>"; };
		A1E695DA2ABF09780081CF7A /* Formatters.swift */ = {isa = PBXFileReference; lastKnownFileType = sourcecode.swift; path = Formatters.swift; sourceTree = "<group>"; };
		A1E695DE2ABF0B020081CF7A /* ReadView.swift */ = {isa = PBXFileReference; lastKnownFileType = sourcecode.swift; path = ReadView.swift; sourceTree = "<group>"; };
		A1E695E02ABF10900081CF7A /* ObservableClasses.swift */ = {isa = PBXFileReference; lastKnownFileType = sourcecode.swift; path = ObservableClasses.swift; sourceTree = "<group>"; };
		A1E695E22ABF18900081CF7A /* EditDetailView.swift */ = {isa = PBXFileReference; lastKnownFileType = sourcecode.swift; path = EditDetailView.swift; sourceTree = "<group>"; };
/* End PBXFileReference section */

/* Begin PBXFrameworksBuildPhase section */
		A1E695BB2ABF07240081CF7A /* Frameworks */ = {
			isa = PBXFrameworksBuildPhase;
			buildActionMask = 2147483647;
			files = (
			);
			runOnlyForDeploymentPostprocessing = 0;
		};
/* End PBXFrameworksBuildPhase section */

/* Begin PBXGroup section */
		A1E695B52ABF07240081CF7A = {
			isa = PBXGroup;
			children = (
				A1E695D42ABF07ED0081CF7A /* BPItem+CoreDataClass.swift */,
				A1E695D52ABF07ED0081CF7A /* BPItem+CoreDataProperties.swift */,
				A1E695C02ABF07240081CF7A /* BPMS */,
				A1E695BF2ABF07240081CF7A /* Products */,
			);
			sourceTree = "<group>";
		};
		A1E695BF2ABF07240081CF7A /* Products */ = {
			isa = PBXGroup;
			children = (
				A1E695BE2ABF07240081CF7A /* BPMS.app */,
			);
			name = Products;
			sourceTree = "<group>";
		};
		A1E695C02ABF07240081CF7A /* BPMS */ = {
			isa = PBXGroup;
			children = (
				A1E695C12ABF07240081CF7A /* BPMSApp.swift */,
				A1E695C32ABF07240081CF7A /* ContentView.swift */,
				A1E695C52ABF07260081CF7A /* Assets.xcassets */,
				A1E695CA2ABF07260081CF7A /* Persistence.swift */,
				A1E695CC2ABF07260081CF7A /* BPMS.xcdatamodeld */,
				A1E695C72ABF07260081CF7A /* Preview Content */,
				A1E695D82ABF08F80081CF7A /* DetailView.swift */,
				A1E695DA2ABF09780081CF7A /* Formatters.swift */,
				A1E695DE2ABF0B020081CF7A /* ReadView.swift */,
				A1E695E02ABF10900081CF7A /* ObservableClasses.swift */,
				A1E695E22ABF18900081CF7A /* EditDetailView.swift */,
			);
			path = BPMS;
			sourceTree = "<group>";
		};
		A1E695C72ABF07260081CF7A /* Preview Content */ = {
			isa = PBXGroup;
			children = (
				A1E695C82ABF07260081CF7A /* Preview Assets.xcassets */,
			);
			path = "Preview Content";
			sourceTree = "<group>";
		};
/* End PBXGroup section */

/* Begin PBXNativeTarget section */
		A1E695BD2ABF07240081CF7A /* BPMS */ = {
			isa = PBXNativeTarget;
			buildConfigurationList = A1E695D12ABF07260081CF7A /* Build configuration list for PBXNativeTarget "BPMS" */;
			buildPhases = (
				A1E695BA2ABF07240081CF7A /* Sources */,
				A1E695BB2ABF07240081CF7A /* Frameworks */,
				A1E695BC2ABF07240081CF7A /* Resources */,
			);
			buildRules = (
			);
			dependencies = (
			);
			name = BPMS;
			productName = BPMS;
			productReference = A1E695BE2ABF07240081CF7A /* BPMS.app */;
			productType = "com.apple.product-type.application";
		};
/* End PBXNativeTarget section */

/* Begin PBXProject section */
		A1E695B62ABF07240081CF7A /* Project object */ = {
			isa = PBXProject;
			attributes = {
				BuildIndependentTargetsInParallel = 1;
				LastSwiftUpdateCheck = 1430;
				LastUpgradeCheck = 1430;
				TargetAttributes = {
					A1E695BD2ABF07240081CF7A = {
						CreatedOnToolsVersion = 14.3;
					};
				};
			};
			buildConfigurationList = A1E695B92ABF07240081CF7A /* Build configuration list for PBXProject "BPMS" */;
			compatibilityVersion = "Xcode 14.0";
			developmentRegion = en;
			hasScannedForEncodings = 0;
			knownRegions = (
				en,
				Base,
			);
			mainGroup = A1E695B52ABF07240081CF7A;
			productRefGroup = A1E695BF2ABF07240081CF7A /* Products */;
			projectDirPath = "";
			projectRoot = "";
			targets = (
				A1E695BD2ABF07240081CF7A /* BPMS */,
			);
		};
/* End PBXProject section */

/* Begin PBXResourcesBuildPhase section */
		A1E695BC2ABF07240081CF7A /* Resources */ = {
			isa = PBXResourcesBuildPhase;
			buildActionMask = 2147483647;
			files = (
				A1E695C92ABF07260081CF7A /* Preview Assets.xcassets in Resources */,
				A1E695C62ABF07260081CF7A /* Assets.xcassets in Resources */,
			);
			runOnlyForDeploymentPostprocessing = 0;
		};
/* End PBXResourcesBuildPhase section */

/* Begin PBXSourcesBuildPhase section */
		A1E695BA2ABF07240081CF7A /* Sources */ = {
			isa = PBXSourcesBuildPhase;
			buildActionMask = 2147483647;
			files = (
				A1E695CB2ABF07260081CF7A /* Persistence.swift in Sources */,
				A1E695C42ABF07240081CF7A /* ContentView.swift in Sources */,
				A1E695DF2ABF0B020081CF7A /* ReadView.swift in Sources */,
				A1E695E32ABF18900081CF7A /* EditDetailView.swift in Sources */,
				A1E695DB2ABF09780081CF7A /* Formatters.swift in Sources */,
				A1E695D72ABF07ED0081CF7A /* BPItem+CoreDataProperties.swift in Sources */,
				A1E695D92ABF08F80081CF7A /* DetailView.swift in Sources */,
				A1E695E12ABF10900081CF7A /* ObservableClasses.swift in Sources */,
				A1E695C22ABF07240081CF7A /* BPMSApp.swift in Sources */,
				A1E695D62ABF07ED0081CF7A /* BPItem+CoreDataClass.swift in Sources */,
				A1E695CE2ABF07260081CF7A /* BPMS.xcdatamodeld in Sources */,
			);
			runOnlyForDeploymentPostprocessing = 0;
		};
/* End PBXSourcesBuildPhase section */

/* Begin XCBuildConfiguration section */
		A1E695CF2ABF07260081CF7A /* Debug */ = {
			isa = XCBuildConfiguration;
			buildSettings = {
				ALWAYS_SEARCH_USER_PATHS = NO;
				CLANG_ANALYZER_NONNULL = YES;
				CLANG_ANALYZER_NUMBER_OBJECT_CONVERSION = YES_AGGRESSIVE;
				CLANG_CXX_LANGUAGE_STANDARD = "gnu++20";
				CLANG_ENABLE_MODULES = YES;
				CLANG_ENABLE_OBJC_ARC = YES;
				CLANG_ENABLE_OBJC_WEAK = YES;
				CLANG_WARN_BLOCK_CAPTURE_AUTORELEASING = YES;
				CLANG_WARN_BOOL_CONVERSION = YES;
				CLANG_WARN_COMMA = YES;
				CLANG_WARN_CONSTANT_CONVERSION = YES;
				CLANG_WARN_DEPRECATED_OBJC_IMPLEMENTATIONS = YES;
				CLANG_WARN_DIRECT_OBJC_ISA_USAGE = YES_ERROR;
				CLANG_WARN_DOCUMENTATION_COMMENTS = YES;
				CLANG_WARN_EMPTY_BODY = YES;
				CLANG_WARN_ENUM_CONVERSION = YES;
				CLANG_WARN_INFINITE_RECURSION = YES;
				CLANG_WARN_INT_CONVERSION = YES;
				CLANG_WARN_NON_LITERAL_NULL_CONVERSION = YES;
				CLANG_WARN_OBJC_IMPLICIT_RETAIN_SELF = YES;
				CLANG_WARN_OBJC_LITERAL_CONVERSION = YES;
				CLANG_WARN_OBJC_ROOT_CLASS = YES_ERROR;
				CLANG_WARN_QUOTED_INCLUDE_IN_FRAMEWORK_HEADER = YES;
				CLANG_WARN_RANGE_LOOP_ANALYSIS = YES;
				CLANG_WARN_STRICT_PROTOTYPES = YES;
				CLANG_WARN_SUSPICIOUS_MOVE = YES;
				CLANG_WARN_UNGUARDED_AVAILABILITY = YES_AGGRESSIVE;
				CLANG_WARN_UNREACHABLE_CODE = YES;
				CLANG_WARN__DUPLICATE_METHOD_MATCH = YES;
				COPY_PHASE_STRIP = NO;
				DEBUG_INFORMATION_FORMAT = dwarf;
				ENABLE_STRICT_OBJC_MSGSEND = YES;
				ENABLE_TESTABILITY = YES;
				GCC_C_LANGUAGE_STANDARD = gnu11;
				GCC_DYNAMIC_NO_PIC = NO;
				GCC_NO_COMMON_BLOCKS = YES;
				GCC_OPTIMIZATION_LEVEL = 0;
				GCC_PREPROCESSOR_DEFINITIONS = (
					"DEBUG=1",
					"$(inherited)",
				);
				GCC_WARN_64_TO_32_BIT_CONVERSION = YES;
				GCC_WARN_ABOUT_RETURN_TYPE = YES_ERROR;
				GCC_WARN_UNDECLARED_SELECTOR = YES;
				GCC_WARN_UNINITIALIZED_AUTOS = YES_AGGRESSIVE;
				GCC_WARN_UNUSED_FUNCTION = YES;
				GCC_WARN_UNUSED_VARIABLE = YES;
				IPHONEOS_DEPLOYMENT_TARGET = 16.4;
				MTL_ENABLE_DEBUG_INFO = INCLUDE_SOURCE;
				MTL_FAST_MATH = YES;
				ONLY_ACTIVE_ARCH = YES;
				SDKROOT = iphoneos;
				SWIFT_ACTIVE_COMPILATION_CONDITIONS = DEBUG;
				SWIFT_OPTIMIZATION_LEVEL = "-Onone";
			};
			name = Debug;
		};
		A1E695D02ABF07260081CF7A /* Release */ = {
			isa = XCBuildConfiguration;
			buildSettings = {
				ALWAYS_SEARCH_USER_PATHS = NO;
				CLANG_ANALYZER_NONNULL = YES;
				CLANG_ANALYZER_NUMBER_OBJECT_CONVERSION = YES_AGGRESSIVE;
				CLANG_CXX_LANGUAGE_STANDARD = "gnu++20";
				CLANG_ENABLE_MODULES = YES;
				CLANG_ENABLE_OBJC_ARC = YES;
				CLANG_ENABLE_OBJC_WEAK = YES;
				CLANG_WARN_BLOCK_CAPTURE_AUTORELEASING = YES;
				CLANG_WARN_BOOL_CONVERSION = YES;
				CLANG_WARN_COMMA = YES;
				CLANG_WARN_CONSTANT_CONVERSION = YES;
				CLANG_WARN_DEPRECATED_OBJC_IMPLEMENTATIONS = YES;
				CLANG_WARN_DIRECT_OBJC_ISA_USAGE = YES_ERROR;
				CLANG_WARN_DOCUMENTATION_COMMENTS = YES;
				CLANG_WARN_EMPTY_BODY = YES;
				CLANG_WARN_ENUM_CONVERSION = YES;
				CLANG_WARN_INFINITE_RECURSION = YES;
				CLANG_WARN_INT_CONVERSION = YES;
				CLANG_WARN_NON_LITERAL_NULL_CONVERSION = YES;
				CLANG_WARN_OBJC_IMPLICIT_RETAIN_SELF = YES;
				CLANG_WARN_OBJC_LITERAL_CONVERSION = YES;
				CLANG_WARN_OBJC_ROOT_CLASS = YES_ERROR;
				CLANG_WARN_QUOTED_INCLUDE_IN_FRAMEWORK_HEADER = YES;
				CLANG_WARN_RANGE_LOOP_ANALYSIS = YES;
				CLANG_WARN_STRICT_PROTOTYPES = YES;
				CLANG_WARN_SUSPICIOUS_MOVE = YES;
				CLANG_WARN_UNGUARDED_AVAILABILITY = YES_AGGRESSIVE;
				CLANG_WARN_UNREACHABLE_CODE = YES;
				CLANG_WARN__DUPLICATE_METHOD_MATCH = YES;
				COPY_PHASE_STRIP = NO;
				DEBUG_INFORMATION_FORMAT = "dwarf-with-dsym";
				ENABLE_NS_ASSERTIONS = NO;
				ENABLE_STRICT_OBJC_MSGSEND = YES;
				GCC_C_LANGUAGE_STANDARD = gnu11;
				GCC_NO_COMMON_BLOCKS = YES;
				GCC_WARN_64_TO_32_BIT_CONVERSION = YES;
				GCC_WARN_ABOUT_RETURN_TYPE = YES_ERROR;
				GCC_WARN_UNDECLARED_SELECTOR = YES;
				GCC_WARN_UNINITIALIZED_AUTOS = YES_AGGRESSIVE;
				GCC_WARN_UNUSED_FUNCTION = YES;
				GCC_WARN_UNUSED_VARIABLE = YES;
				IPHONEOS_DEPLOYMENT_TARGET = 16.4;
				MTL_ENABLE_DEBUG_INFO = NO;
				MTL_FAST_MATH = YES;
				SDKROOT = iphoneos;
				SWIFT_COMPILATION_MODE = wholemodule;
				SWIFT_OPTIMIZATION_LEVEL = "-O";
				VALIDATE_PRODUCT = YES;
			};
			name = Release;
		};
		A1E695D22ABF07260081CF7A /* Debug */ = {
			isa = XCBuildConfiguration;
			buildSettings = {
				ASSETCATALOG_COMPILER_APPICON_NAME = AppIcon;
				ASSETCATALOG_COMPILER_GLOBAL_ACCENT_COLOR_NAME = AccentColor;
				CODE_SIGN_STYLE = Automatic;
				CURRENT_PROJECT_VERSION = 1;
				DEVELOPMENT_ASSET_PATHS = "\"BPMS/Preview Content\"";
				DEVELOPMENT_TEAM = 3T96536DB8;
				ENABLE_PREVIEWS = YES;
				GENERATE_INFOPLIST_FILE = YES;
				INFOPLIST_KEY_UIApplicationSceneManifest_Generation = YES;
				INFOPLIST_KEY_UIApplicationSupportsIndirectInputEvents = YES;
				INFOPLIST_KEY_UILaunchScreen_Generation = YES;
				INFOPLIST_KEY_UISupportedInterfaceOrientations_iPad = "UIInterfaceOrientationPortrait UIInterfaceOrientationPortraitUpsideDown UIInterfaceOrientationLandscapeLeft UIInterfaceOrientationLandscapeRight";
				INFOPLIST_KEY_UISupportedInterfaceOrientations_iPhone = "UIInterfaceOrientationPortrait UIInterfaceOrientationLandscapeLeft UIInterfaceOrientationLandscapeRight";
				LD_RUNPATH_SEARCH_PATHS = (
					"$(inherited)",
					"@executable_path/Frameworks",
				);
				MARKETING_VERSION = 1.0;
				PRODUCT_BUNDLE_IDENTIFIER = com.kenlin.BPMS;
				PRODUCT_NAME = "$(TARGET_NAME)";
				SWIFT_EMIT_LOC_STRINGS = YES;
				SWIFT_VERSION = 5.0;
				TARGETED_DEVICE_FAMILY = "1,2";
			};
			name = Debug;
		};
		A1E695D32ABF07260081CF7A /* Release */ = {
			isa = XCBuildConfiguration;
			buildSettings = {
				ASSETCATALOG_COMPILER_APPICON_NAME = AppIcon;
				ASSETCATALOG_COMPILER_GLOBAL_ACCENT_COLOR_NAME = AccentColor;
				CODE_SIGN_STYLE = Automatic;
				CURRENT_PROJECT_VERSION = 1;
				DEVELOPMENT_ASSET_PATHS = "\"BPMS/Preview Content\"";
				DEVELOPMENT_TEAM = 3T96536DB8;
				ENABLE_PREVIEWS = YES;
				GENERATE_INFOPLIST_FILE = YES;
				INFOPLIST_KEY_UIApplicationSceneManifest_Generation = YES;
				INFOPLIST_KEY_UIApplicationSupportsIndirectInputEvents = YES;
				INFOPLIST_KEY_UILaunchScreen_Generation = YES;
				INFOPLIST_KEY_UISupportedInterfaceOrientations_iPad = "UIInterfaceOrientationPortrait UIInterfaceOrientationPortraitUpsideDown UIInterfaceOrientationLandscapeLeft UIInterfaceOrientationLandscapeRight";
				INFOPLIST_KEY_UISupportedInterfaceOrientations_iPhone = "UIInterfaceOrientationPortrait UIInterfaceOrientationLandscapeLeft UIInterfaceOrientationLandscapeRight";
				LD_RUNPATH_SEARCH_PATHS = (
					"$(inherited)",
					"@executable_path/Frameworks",
				);
				MARKETING_VERSION = 1.0;
				PRODUCT_BUNDLE_IDENTIFIER = com.kenlin.BPMS;
				PRODUCT_NAME = "$(TARGET_NAME)";
				SWIFT_EMIT_LOC_STRINGS = YES;
				SWIFT_VERSION = 5.0;
				TARGETED_DEVICE_FAMILY = "1,2";
			};
			name = Release;
		};
/* End XCBuildConfiguration section */

/* Begin XCConfigurationList section */
		A1E695B92ABF07240081CF7A /* Build configuration list for PBXProject "BPMS" */ = {
			isa = XCConfigurationList;
			buildConfigurations = (
				A1E695CF2ABF07260081CF7A /* Debug */,
				A1E695D02ABF07260081CF7A /* Release */,
			);
			defaultConfigurationIsVisible = 0;
			defaultConfigurationName = Release;
		};
		A1E695D12ABF07260081CF7A /* Build configuration list for PBXNativeTarget "BPMS" */ = {
			isa = XCConfigurationList;
			buildConfigurations = (
				A1E695D22ABF07260081CF7A /* Debug */,
				A1E695D32ABF07260081CF7A /* Release */,
			);
			defaultConfigurationIsVisible = 0;
			defaultConfigurationName = Release;
		};
/* End XCConfigurationList section */

/* Begin XCVersionGroup section */
		A1E695CC2ABF07260081CF7A /* BPMS.xcdatamodeld */ = {
			isa = XCVersionGroup;
			children = (
				A1E695CD2ABF07260081CF7A /* BPMS.xcdatamodel */,
			);
			currentVersion = A1E695CD2ABF07260081CF7A /* BPMS.xcdatamodel */;
			path = BPMS.xcdatamodeld;
			sourceTree = "<group>";
			versionGroupType = wrapper.xcdatamodel;
		};
/* End XCVersionGroup section */
	};
	rootObject = A1E695B62ABF07240081CF7A /* Project object */;
}
